
Microsoft Visual Studio Solution File, Format Version 12.00
# Visual Studio Version 16
VisualStudioVersion = 16.0.30907.101
MinimumVisualStudioVersion = 10.0.40219.1
Project("{FAE04EC0-301F-11D3-BF4B-00C04F79EFBC}") = "pijnacker-nootdorp-website", "pijnacker-nootdorp-website\pijnacker-nootdorp-website.csproj", "{7BDFE4D6-2FF4-4EB2-94F3-A97269D9A39B}"
EndProject
Global
	GlobalSection(SolutionConfigurationPlatforms) = preSolution
		Debug|Any CPU = Debug|Any CPU
		Release|Any CPU = Release|Any CPU
	EndGlobalSection
	GlobalSection(ProjectConfigurationPlatforms) = postSolution
		{7BDFE4D6-2FF4-4EB2-94F3-A97269D9A39B}.Debug|Any CPU.ActiveCfg = Debug|Any CPU
		{7BDFE4D6-2FF4-4EB2-94F3-A97269D9A39B}.Debug|Any CPU.Build.0 = Debug|Any CPU
		{7BDFE4D6-2FF4-4EB2-94F3-A97269D9A39B}.Release|Any CPU.ActiveCfg = Release|Any CPU
		{7BDFE4D6-2FF4-4EB2-94F3-A97269D9A39B}.Release|Any CPU.Build.0 = Release|Any CPU
	EndGlobalSection
	GlobalSection(SolutionProperties) = preSolution
		HideSolutionNode = FALSE
	EndGlobalSection
	GlobalSection(ExtensibilityGlobals) = postSolution
		SolutionGuid = {82AF80D6-AA77-4FAF-9500-E26A49A371F0}
	EndGlobalSection
EndGlobal
